
Microsoft Visual Studio Solution File, Format Version 12.00
# Visual Studio 14
VisualStudioVersion = 14.0.25420.1
MinimumVisualStudioVersion = 10.0.40219.1
Project("{FAE04EC0-301F-11D3-BF4B-00C04F79EFBC}") = "Polygon", "Polygon\Polygon.csproj", "{C3A6DD71-0394-40DB-B3FF-CB7C600E03D5}"
EndProject
Project("{FAE04EC0-301F-11D3-BF4B-00C04F79EFBC}") = "Polygons.Library", "Polygons.Library\Polygons.Library.csproj", "{B34ED2CB-87AF-4478-8BBC-E2D30456CC52}"
EndProject
Global
	GlobalSection(SolutionConfigurationPlatforms) = preSolution
		Debug|Any CPU = Debug|Any CPU
		Release|Any CPU = Release|Any CPU
	EndGlobalSection
	GlobalSection(ProjectConfigurationPlatforms) = postSolution
		{C3A6DD71-0394-40DB-B3FF-CB7C600E03D5}.Debug|Any CPU.ActiveCfg = Debug|Any CPU
		{C3A6DD71-0394-40DB-B3FF-CB7C600E03D5}.Debug|Any CPU.Build.0 = Debug|Any CPU
		{C3A6DD71-0394-40DB-B3FF-CB7C600E03D5}.Release|Any CPU.ActiveCfg = Release|Any CPU
		{C3A6DD71-0394-40DB-B3FF-CB7C600E03D5}.Release|Any CPU.Build.0 = Release|Any CPU
		{B34ED2CB-87AF-4478-8BBC-E2D30456CC52}.Debug|Any CPU.ActiveCfg = Debug|Any CPU
		{B34ED2CB-87AF-4478-8BBC-E2D30456CC52}.Debug|Any CPU.Build.0 = Debug|Any CPU
		{B34ED2CB-87AF-4478-8BBC-E2D30456CC52}.Release|Any CPU.ActiveCfg = Release|Any CPU
		{B34ED2CB-87AF-4478-8BBC-E2D30456CC52}.Release|Any CPU.Build.0 = Release|Any CPU
	EndGlobalSection
	GlobalSection(SolutionProperties) = preSolution
		HideSolutionNode = FALSE
	EndGlobalSection
EndGlobal
