
Microsoft Visual Studio Solution File, Format Version 12.00
# Visual Studio 14
VisualStudioVersion = 14.0.25420.1
MinimumVisualStudioVersion = 10.0.40219.1
Project("{FAE04EC0-301F-11D3-BF4B-00C04F79EFBC}") = "FutureProofing", "FutureProofing\FutureProofing.csproj", "{F232CEDE-64D5-4BB2-B685-CF1095E83C23}"
EndProject
Project("{FAE04EC0-301F-11D3-BF4B-00C04F79EFBC}") = "PersonLibrary", "PersonLibrary\PersonLibrary.csproj", "{2E0D8C28-E1B6-4560-925C-44BD781CE9D6}"
EndProject
Global
	GlobalSection(SolutionConfigurationPlatforms) = preSolution
		Debug|Any CPU = Debug|Any CPU
		Release|Any CPU = Release|Any CPU
	EndGlobalSection
	GlobalSection(ProjectConfigurationPlatforms) = postSolution
		{F232CEDE-64D5-4BB2-B685-CF1095E83C23}.Debug|Any CPU.ActiveCfg = Debug|Any CPU
		{F232CEDE-64D5-4BB2-B685-CF1095E83C23}.Debug|Any CPU.Build.0 = Debug|Any CPU
		{F232CEDE-64D5-4BB2-B685-CF1095E83C23}.Release|Any CPU.ActiveCfg = Release|Any CPU
		{F232CEDE-64D5-4BB2-B685-CF1095E83C23}.Release|Any CPU.Build.0 = Release|Any CPU
		{2E0D8C28-E1B6-4560-925C-44BD781CE9D6}.Debug|Any CPU.ActiveCfg = Debug|Any CPU
		{2E0D8C28-E1B6-4560-925C-44BD781CE9D6}.Debug|Any CPU.Build.0 = Debug|Any CPU
		{2E0D8C28-E1B6-4560-925C-44BD781CE9D6}.Release|Any CPU.ActiveCfg = Release|Any CPU
		{2E0D8C28-E1B6-4560-925C-44BD781CE9D6}.Release|Any CPU.Build.0 = Release|Any CPU
	EndGlobalSection
	GlobalSection(SolutionProperties) = preSolution
		HideSolutionNode = FALSE
	EndGlobalSection
EndGlobal
